
Microsoft Visual Studio Solution File, Format Version 12.00
# Visual Studio 15
VisualStudioVersion = 15.0.27703.2047
MinimumVisualStudioVersion = 10.0.40219.1
Project("{FAE04EC0-301F-11D3-BF4B-00C04F79EFBC}") = "Exercise 5A", "Exercise 5A\Exercise 5A.csproj", "{59746467-0ADD-418D-8465-99440EAEE608}"
EndProject
Project("{FAE04EC0-301F-11D3-BF4B-00C04F79EFBC}") = "Part 1 exercise 5A", "Part 1 exercise 5A\Part 1 exercise 5A.csproj", "{02B7E257-0748-413E-90D4-A9B8CEBDE4A1}"
EndProject
Project("{FAE04EC0-301F-11D3-BF4B-00C04F79EFBC}") = "main part 1", "main part 1\main part 1.csproj", "{8252C203-F70E-4256-B6E1-E8C90BD8074A}"
EndProject
Global
	GlobalSection(SolutionConfigurationPlatforms) = preSolution
		Debug|Any CPU = Debug|Any CPU
		Release|Any CPU = Release|Any CPU
	EndGlobalSection
	GlobalSection(ProjectConfigurationPlatforms) = postSolution
		{59746467-0ADD-418D-8465-99440EAEE608}.Debug|Any CPU.ActiveCfg = Debug|Any CPU
		{59746467-0ADD-418D-8465-99440EAEE608}.Debug|Any CPU.Build.0 = Debug|Any CPU
		{59746467-0ADD-418D-8465-99440EAEE608}.Release|Any CPU.ActiveCfg = Release|Any CPU
		{59746467-0ADD-418D-8465-99440EAEE608}.Release|Any CPU.Build.0 = Release|Any CPU
		{02B7E257-0748-413E-90D4-A9B8CEBDE4A1}.Debug|Any CPU.ActiveCfg = Debug|Any CPU
		{02B7E257-0748-413E-90D4-A9B8CEBDE4A1}.Debug|Any CPU.Build.0 = Debug|Any CPU
		{02B7E257-0748-413E-90D4-A9B8CEBDE4A1}.Release|Any CPU.ActiveCfg = Release|Any CPU
		{02B7E257-0748-413E-90D4-A9B8CEBDE4A1}.Release|Any CPU.Build.0 = Release|Any CPU
		{8252C203-F70E-4256-B6E1-E8C90BD8074A}.Debug|Any CPU.ActiveCfg = Debug|Any CPU
		{8252C203-F70E-4256-B6E1-E8C90BD8074A}.Debug|Any CPU.Build.0 = Debug|Any CPU
		{8252C203-F70E-4256-B6E1-E8C90BD8074A}.Release|Any CPU.ActiveCfg = Release|Any CPU
		{8252C203-F70E-4256-B6E1-E8C90BD8074A}.Release|Any CPU.Build.0 = Release|Any CPU
	EndGlobalSection
	GlobalSection(SolutionProperties) = preSolution
		HideSolutionNode = FALSE
	EndGlobalSection
	GlobalSection(ExtensibilityGlobals) = postSolution
		SolutionGuid = {2B8FCC19-B4C2-4D75-B7E5-36808B0E6DD6}
	EndGlobalSection
EndGlobal
